
Microsoft Visual Studio Solution File, Format Version 12.00
# Visual Studio 15
VisualStudioVersion = 15.0.28307.757
MinimumVisualStudioVersion = 10.0.40219.1
Project("{FAE04EC0-301F-11D3-BF4B-00C04F79EFBC}") = "PTransito", "PTransito\PTransito.csproj", "{827AA9F6-6CB2-4884-95AF-F53590B67543}"
EndProject
Project("{FAE04EC0-301F-11D3-BF4B-00C04F79EFBC}") = "TransitoModel", "TransitoModel\TransitoModel.csproj", "{D336B5CC-11C5-4C95-8EFD-6E0ECD700224}"
EndProject
Project("{FAE04EC0-301F-11D3-BF4B-00C04F79EFBC}") = "TransitoServicio", "TransitoServicio\TransitoServicio.csproj", "{226F1695-C1EB-48AD-9D61-18886275B775}"
EndProject
Global
	GlobalSection(SolutionConfigurationPlatforms) = preSolution
		Debug|Any CPU = Debug|Any CPU
		Release|Any CPU = Release|Any CPU
	EndGlobalSection
	GlobalSection(ProjectConfigurationPlatforms) = postSolution
		{827AA9F6-6CB2-4884-95AF-F53590B67543}.Debug|Any CPU.ActiveCfg = Debug|Any CPU
		{827AA9F6-6CB2-4884-95AF-F53590B67543}.Debug|Any CPU.Build.0 = Debug|Any CPU
		{827AA9F6-6CB2-4884-95AF-F53590B67543}.Release|Any CPU.ActiveCfg = Release|Any CPU
		{827AA9F6-6CB2-4884-95AF-F53590B67543}.Release|Any CPU.Build.0 = Release|Any CPU
		{D336B5CC-11C5-4C95-8EFD-6E0ECD700224}.Debug|Any CPU.ActiveCfg = Debug|Any CPU
		{D336B5CC-11C5-4C95-8EFD-6E0ECD700224}.Debug|Any CPU.Build.0 = Debug|Any CPU
		{D336B5CC-11C5-4C95-8EFD-6E0ECD700224}.Release|Any CPU.ActiveCfg = Release|Any CPU
		{D336B5CC-11C5-4C95-8EFD-6E0ECD700224}.Release|Any CPU.Build.0 = Release|Any CPU
		{226F1695-C1EB-48AD-9D61-18886275B775}.Debug|Any CPU.ActiveCfg = Debug|Any CPU
		{226F1695-C1EB-48AD-9D61-18886275B775}.Debug|Any CPU.Build.0 = Debug|Any CPU
		{226F1695-C1EB-48AD-9D61-18886275B775}.Release|Any CPU.ActiveCfg = Release|Any CPU
		{226F1695-C1EB-48AD-9D61-18886275B775}.Release|Any CPU.Build.0 = Release|Any CPU
	EndGlobalSection
	GlobalSection(SolutionProperties) = preSolution
		HideSolutionNode = FALSE
	EndGlobalSection
	GlobalSection(ExtensibilityGlobals) = postSolution
		SolutionGuid = {0BB208F1-6A62-464E-9FB8-ECCD7F36C878}
	EndGlobalSection
EndGlobal
